version = 1
revision = 3
requires-python = ">=3.12, <4.0"

[[package]]
name = "fable-library"
version = "5.15.0"
source = { registry = "https://pypi.org/simple" }
sdist = { url = "https://files.pythonhosted.org/packages/6c/e5/4e84e77c213423d9a5d4d9ea22e774c7e2f0eaaceaf6889dba541e467657/fable_library-5.15.0.tar.gz", hash = "sha256:3dcd6f513a81376b77e84ba4e776f6608b2969c9109fec32ad0e9bbbeb286256", size = 247614, upload-time = "2026-08-25T16:32:47.549Z" }
wheels = [
    { url = "https://files.pythonhosted.org/packages/17/22/143a42eabc024b6e27f751a340e0a1306b5f7dcd991ebb72d831a42d28d5/fable_library-5.15.0-cp312-cp312-macosx_10_12_x86_64.whl", hash = "sha256:25cdc45621d514b3d80ba72cdae7bfbad5cf465a883de882652351f63286336a", size = 1404574, upload-time = "2026-08-25T16:31:07.199Z" },
    { url = "https://files.pythonhosted.org/packages/c0/0c/fc734ebec9c24ac7fc3eedfdaf861e62a50721859927a7f132d74f801d38/fable_library-5.15.0-cp312-cp312-macosx_11_0_arm64.whl", hash = "sha256:dc682feb263abcd02477dde3ab691ddb0c5e253ffeb1306252d6a616cf190a61", size = 1311790, upload-time = "2026-08-25T16:31:08.686Z" },
    { url = "https://files.pythonhosted.org/packages/3d/10/32ebf4fe9eb57f1fd66dd5e0b8689dcabec80f397f33788468f4a1f8efef/fable_library-5.15.0-cp312-cp312-manylinux_2_17_aarch64.manylinux2014_aarch64.whl", hash = "sha256:1415e2b9bedd4431506a8c02e162b42fdf71e52db0d97a49390b3c17bbe2ae42", size = 1359392, upload-time = "2026-08-25T16:31:10.155Z" },
    { url = "https://files.pythonhosted.org/packages/94/1e/4cc70030fa1ab3dbdcb11e1d06645404be73544447a86018290af0963bf1/fable_library-5.15.0-cp312-cp312-manylinux_2_17_armv7l.manylinux2014_armv7l.whl", hash = "sha256:2b6d871aef47790e0088c6b63fea926d4c1916774f8ab9b0a9a42628f2b18dc5", size = 1340880, upload-time = "2026-08-25T16:31:11.479Z" },
    { url = "https://files.pythonhosted.org/packages/f0/89/32b9d29b4ec94a3c9d8d060728f5de45e1b4486a6fe71672870d21d360fc/fable_library-5.15.0-cp312-cp312-manylinux_2_17_ppc64le.manylinux2014_ppc64le.whl", hash = "sha256:7628718dac97b4df65182ee6e3d6bf5554069994d78c40ac8d33850ded3bc08e", size = 1485866, upload-time = "2026-08-25T16:31:13.065Z" },
    { url = "https://files.pythonhosted.org/packages/37/7e/0ef8c397c55cbb191572446a46460487949e19694bacf68e4e078bc522f1/fable_library-5.15.0-cp312-cp312-manylinux_2_17_s390x.manylinux2014_s390x.whl", hash = "sha256:e05f9a1aee9b3a8a09b05ba5860c7c012a3a95217113db8e5b16446577dc89d6", size = 1500115, upload-time = "2026-08-25T16:31:14.656Z" },
    { url = "https://files.pythonhosted.org/packages/42/5a/d0246d51dca2b68ee01076d7cdeb287c8c7c7a7e1e10743039754d09e5cc/fable_library-5.15.0-cp312-cp312-manylinux_2_17_x86_64.manylinux2014_x86_64.whl", hash = "sha256:42ad0a4815bf40a07a3a7b9cf0d7babb4be8b661b5b94e6a2bcf1dae13cebd4f", size = 1431361, upload-time = "2026-08-25T16:31:16.306Z" },
    { url = "https://files.pythonhosted.org/packages/48/61/9adb0cd21be1a2bc592f4e9097541664550f68b4ee2703a3922ac4397bfc/fable_library-5.15.0-cp312-cp312-manylinux_2_5_i686.manylinux1_i686.whl", hash = "sha256:3244684bcd6722bcddb10f2ad2f1711eca491bfd7a3a4a4bd13a532fbd58cad2", size = 1460194, upload-time = "2026-08-25T16:31:17.752Z" },
    { url = "https://files.pythonhosted.org/packages/ee/6b/05410081b131e8ec2a9279200e19ce0c2c3552384f8d2f133a88764a8d92/fable_library-5.15.0-cp312-cp312-musllinux_1_2_aarch64.whl", hash = "sha256:921704408be61b445fdae0edcbf5a6f15d284eec6bc0e5456ad198f1f39ace6f", size = 1537592, upload-time = "2026-08-25T16:31:19.237Z" },
    { url = "https://files.pythonhosted.org/packages/c8/0e/9c4adafb2480926a492003b468fe41c1db071881864897a621b14c66708a/fable_library-5.15.0-cp312-cp312-musllinux_1_2_armv7l.whl", hash = "sha256:e168507c0a50fca85b9265b3190991e4107d5df8b3fc7a415c4ed8b1a64ef520", size = 1619164, upload-time = "2026-08-25T16:31:20.701Z" },
    { url = "https://files.pythonhosted.org/packages/58/df/875ba7ee0eb738e61cca889fcf769e69eaae4a6b4b68ad1dd165ada7c215/fable_library-5.15.0-cp312-cp312-musllinux_1_2_i686.whl", hash = "sha256:2b823c26b49937180ddcd50ad85a12e5dbb107fd33726b4f2b1e597ba74c8ff9", size = 1642011, upload-time = "2026-08-25T16:31:22.141Z" },
    { url = "https://files.pythonhosted.org/packages/62/fd/51dac6ae673f2e7a068aee2de988fbdea046bcd4ec01470211ce740c1e5b/fable_library-5.15.0-cp312-cp312-musllinux_1_2_x86_64.whl", hash = "sha256:1a2723720e9afe0277adbd2df236f80cea1e339f8bc7d299cf3e31c0bce82b0d", size = 1660896, upload-time = "2026-08-25T16:31:23.579Z" },
    { url = "https://files.pythonhosted.org/packages/19/d0/a3dedafc7c15d22cdece5d2639458a56db44c87a85915793dccd5ac7d2e2/fable_library-5.15.0-cp312-cp312-win_amd64.whl", hash = "sha256:210f805c56a83c95680864976af628599c34eaf10df28b95204fc4c659e53daa", size = 1419138, upload-time = "2026-08-25T16:31:25.041Z" },
    { url = "https://files.pythonhosted.org/packages/f3/e1/f08eccff1cd88f7c4a654e575097c3b990017b26e8f5c11ffdfe5298c586/fable_library-5.15.0-cp313-cp313-macosx_10_12_x86_64.whl", hash = "sha256:7dba093ed12b7b5a6b55d47777f9a5435544109f35b15de26bf0e99db7242cf3", size = 1405307, upload-time = "2026-08-25T16:31:26.77Z" },
    { url = "https://files.pythonhosted.org/packages/ea/1a/6b8265b3c8d30d876e27915afee768048c457018f2834ea42cfd7fce3045/fable_library-5.15.0-cp313-cp313-macosx_11_0_arm64.whl", hash = "sha256:a2216249b282409872135f91cf17a5af1390bd8039b63177cb9cd5f4a4c447c2", size = 1312363, upload-time = "2026-08-25T16:31:28.235Z" },
    { url = "https://files.pythonhosted.org/packages/49/81/94dbbb1a3e4f301639d41fd190588fd92aef0468cbe7f62e25ebd8092288/fable_library-5.15.0-cp313-cp313-manylinux_2_17_aarch64.manylinux2014_aarch64.whl", hash = "sha256:2f7f1a862b8e70564b4841e1761d9eca1f4ec55d7ef703fde6e0bf5904b54b3f", size = 1359241, upload-time = "2026-08-25T16:31:29.703Z" },
    { url = "https://files.pythonhosted.org/packages/f5/54/ad8be76dcf0ce4b94b880b1c8edd5cb60a4f9060a0196c1223b349e46722/fable_library-5.15.0-cp313-cp313-manylinux_2_17_armv7l.manylinux2014_armv7l.whl", hash = "sha256:232a27e7657644ed0ce6c4eb7fe63b109ab59f351bbfacf9f022af5a1f9047a6", size = 1340802, upload-time = "2026-08-25T16:31:31.355Z" },
    { url = "https://files.pythonhosted.org/packages/49/cf/478302d0969fd7c5124d1f219c19a1a86c9dff25fa11bebdf555c265eb99/fable_library-5.15.0-cp313-cp313-manylinux_2_17_ppc64le.manylinux2014_ppc64le.whl", hash = "sha256:7614cdbcf0c97b35681d160ce28e598420b2aa63087b73cd409e79f7b2563dcb", size = 1486851, upload-time = "2026-08-25T16:31:32.797Z" },
    { url = "https://files.pythonhosted.org/packages/a9/8d/3fb54cd3cd61ba80cefe43821e1bdde21fd435d5b3003f8448d1a9f0b4af/fable_library-5.15.0-cp313-cp313-manylinux_2_17_s390x.manylinux2014_s390x.whl", hash = "sha256:28e0a5cd633afd4a8498aca6847426d8adea1cd29e12c7af2c5446e37ca85c21", size = 1500505, upload-time = "2026-08-25T16:31:34.351Z" },
    { url = "https://files.pythonhosted.org/packages/54/e4/159bafcb2403a65b29f36c2a2f8e658cc16ae08991caedb66ca6fca0e066/fable_library-5.15.0-cp313-cp313-manylinux_2_17_x86_64.manylinux2014_x86_64.whl", hash = "sha256:777b2f4bcdf03cb4999e577221aad3df8d32f85d46a4732cf1eac7b227dcf572", size = 1432024, upload-time = "2026-08-25T16:31:35.773Z" },
    { url = "https://files.pythonhosted.org/packages/d6/c4/0dc774da76f716cccc7c2dec9fec146fa0efd61e091864e3018832bcd90e/fable_library-5.15.0-cp313-cp313-manylinux_2_5_i686.manylinux1_i686.whl", hash = "sha256:f2fd501a7739fc71edfef48c2edbc6655a498c8dcbe44760171f4922ee9e1523", size = 1460220, upload-time = "2026-08-25T16:31:37.371Z" },
    { url = "https://files.pythonhosted.org/packages/3d/af/c518986921f750148b1818ec3a2c771abd2954751f82eb651b697fa32df2/fable_library-5.15.0-cp313-cp313-musllinux_1_2_aarch64.whl", hash = "sha256:8ad74e68d04a95805a85464cb0eb7651055473e9c5c44ed1e9ec325601f06604", size = 1537758, upload-time = "2026-08-25T16:31:38.883Z" },
    { url = "https://files.pythonhosted.org/packages/3f/5e/7790a29841414596d7781290e41c871a0f1b9c90d3d9c5c474d02479024b/fable_library-5.15.0-cp313-cp313-musllinux_1_2_armv7l.whl", hash = "sha256:aa57f9666187c93a07831fb1f0d19e969d9fae59620fa4fa7a51453e0806e95f", size = 1619083, upload-time = "2026-08-25T16:31:40.328Z" },
    { url = "https://files.pythonhosted.org/packages/60/09/7649362da8b982d0f97dad6bdca169555e44a768df4ebc0fd946a117dd1e/fable_library-5.15.0-cp313-cp313-musllinux_1_2_i686.whl", hash = "sha256:53c85b53d6b8a43781e11615915944833577a8c55e3bc33f1021b0e931ee16e0", size = 1644989, upload-time = "2026-08-25T16:31:41.816Z" },
    { url = "https://files.pythonhosted.org/packages/16/5d/b26df5048b3b382e5ef784e49b23777baf2845cf5fc3505be5533b88f9b4/fable_library-5.15.0-cp313-cp313-musllinux_1_2_x86_64.whl", hash = "sha256:b63478cc4d7171ec7deb12a72bf22fdd89277ff24224f34985a7ca367a327f78", size = 1661141, upload-time = "2026-08-25T16:31:43.445Z" },
    { url = "https://files.pythonhosted.org/packages/6d/ff/4a5eae071b14eb13089c8e08dad581d6c71bb0aec592e94feeaf14e2b67e/fable_library-5.15.0-cp313-cp313-win_amd64.whl", hash = "sha256:a91e7dd04c73bb2300523aa72c5ea7188d57d73bb71f8db455b959020faf3420", size = 1419930, upload-time = "2026-08-25T16:31:44.958Z" },
    { url = "https://files.pythonhosted.org/packages/90/5f/67657d6e1a5795c061eb9cc2a8218f96d3000dfcf732eb90a9e41cd7d458/fable_library-5.15.0-cp314-cp314-macosx_10_12_x86_64.whl", hash = "sha256:70637d7c3f7caed21a9bf6d9fcc6976ded64a8cd04fced26a23f066b03c3bce0", size = 1406511, upload-time = "2026-08-25T16:31:46.425Z" },
    { url = "https://files.pythonhosted.org/packages/2d/2a/97f166dd0d66c3cfaf3d5b497f060bf625ef127eb83de3dd6294658b3147/fable_library-5.15.0-cp314-cp314-macosx_11_0_arm64.whl", hash = "sha256:2ab0ce3194740456262a1693a9c033012ee59e68451430c11b1d56703f03f75e", size = 1311973, upload-time = "2026-08-25T16:31:47.959Z" },
    { url = "https://files.pythonhosted.org/packages/0a/c8/5bda2a456e698b55ad67c2c6a9855a852090c733420b227f2be9c1cc7735/fable_library-5.15.0-cp314-cp314-manylinux_2_17_aarch64.manylinux2014_aarch64.whl", hash = "sha256:d5741e013ab695e3acfef913c1a3699d99343c983dcb1961e03394f2b1d17850", size = 1359321, upload-time = "2026-08-25T16:31:49.423Z" },
    { url = "https://files.pythonhosted.org/packages/ab/98/10c48ff9b8139f58ab0fffe291390a231cb9368de2158101e073e628a29e/fable_library-5.15.0-cp314-cp314-manylinux_2_17_armv7l.manylinux2014_armv7l.whl", hash = "sha256:9ee900c6fb6100ece0116ca22e2a627b1c3d9143c074a445e14b273a826e7e8a", size = 1341704, upload-time = "2026-08-25T16:31:50.847Z" },
    { url = "https://files.pythonhosted.org/packages/d9/e6/ac33973c1e16340eb2cb5a073727507aec27ef3fd7a1328ba8729064bb7a/fable_library-5.15.0-cp314-cp314-manylinux_2_17_ppc64le.manylinux2014_ppc64le.whl", hash = "sha256:eb0f4fff436abc9aafa9761e57a46add494d889ae88e0fe0c6cc155071c5ec1d", size = 1487676, upload-time = "2026-08-25T16:31:52.311Z" },
    { url = "https://files.pythonhosted.org/packages/e7/7f/89b07acca8fa9cd10759f52b542401a452b781bca0e6ef112d29396a33f6/fable_library-5.15.0-cp314-cp314-manylinux_2_17_s390x.manylinux2014_s390x.whl", hash = "sha256:f93c20f2937199732b5fcbbf44dc1e18ffe3b59adec36663576a09c8b6ac5029", size = 1500561, upload-time = "2026-08-25T16:31:53.93Z" },
    { url = "https://files.pythonhosted.org/packages/82/47/732f69d63380fed7bb069fcaab7f518557862b5fbf7f18b37c5ab2942cc2/fable_library-5.15.0-cp314-cp314-manylinux_2_17_x86_64.manylinux2014_x86_64.whl", hash = "sha256:8f51247d30987503a1406181ca08a667148bf7daa5c21ec7a0fb28f0c6f54ba7", size = 1432910, upload-time = "2026-08-25T16:31:55.406Z" },
    { url = "https://files.pythonhosted.org/packages/ba/05/072211dd36ff6a4600dd743d2216ed1a24123e90346712caf15582ffb51a/fable_library-5.15.0-cp314-cp314-manylinux_2_5_i686.manylinux1_i686.whl", hash = "sha256:611853133f4766ed7bd2232a9d42a12cdc89b7419e6321acc9c06279e5e92ef4", size = 1460987, upload-time = "2026-08-25T16:31:56.924Z" },
    { url = "https://files.pythonhosted.org/packages/ba/7c/0d2e1f41526d08fde2383342494a51e5c82a75101962445d78b5c8e3619b/fable_library-5.15.0-cp314-cp314-musllinux_1_2_aarch64.whl", hash = "sha256:f2f66cfcf1493a03fde4458cada8614d142e6fa4c8c8900dfd9001fe20fb9b1d", size = 1537706, upload-time = "2026-08-25T16:31:58.543Z" },
    { url = "https://files.pythonhosted.org/packages/d0/9c/0f79198b21e01a55b4af99ae8fe5c8d203c3c96114f82285748c1650212a/fable_library-5.15.0-cp314-cp314-musllinux_1_2_armv7l.whl", hash = "sha256:f052d0f980035dec628aa72f2fac9d0f06c13e13071bf8d8e9513646af2303a0", size = 1620084, upload-time = "2026-08-25T16:32:00.085Z" },
    { url = "https://files.pythonhosted.org/packages/34/28/a6480c481af6cedfe51d572669c7188a8340869987d75a47e6b5660d14e1/fable_library-5.15.0-cp314-cp314-musllinux_1_2_i686.whl", hash = "sha256:205a67860921b6eeea516c239de11c3f4747d73e8145fc1f7267727adb906546", size = 1645738, upload-time = "2026-08-25T16:32:01.893Z" },
    { url = "https://files.pythonhosted.org/packages/f3/c3/1c06781405f7f8b5f43b64e76264708288ffee221ee2be7caa9292ba8544/fable_library-5.15.0-cp314-cp314-musllinux_1_2_x86_64.whl", hash = "sha256:0d729ac9f35f212de66a2d7c9a1eb819263a175639b48c1dbb7f75ca867b1cad", size = 1662264, upload-time = "2026-08-25T16:32:03.34Z" },
    { url = "https://files.pythonhosted.org/packages/89/85/f930a80eb10e816eff3fa6d8886a889de888e7b4b8646e261effef7e57d4/fable_library-5.15.0-cp314-cp314-win32.whl", hash = "sha256:c6a1460b7283cf972560c13d9e3eddf1a2414692385a93bbca4a035fc1464de6", size = 1268400, upload-time = "2026-08-25T16:32:05.066Z" },
    { url = "https://files.pythonhosted.org/packages/8a/7c/002670bbe7fdf525afd662f01f747d2a2d617da6a92a46a550e40f1b58b0/fable_library-5.15.0-cp314-cp314-win_amd64.whl", hash = "sha256:d3a7ef5a536f5b23ce7e742fad2862921b22fe4fa57e32b05e0fc9974d12509b", size = 1419058, upload-time = "2026-08-25T16:32:06.591Z" },
    { url = "https://files.pythonhosted.org/packages/14/91/a9c1294bf5d90a72b5e744e77e8589d10138867bf569cb45547cb3bc7810/fable_library-5.15.0-cp314-cp314t-manylinux_2_17_aarch64.manylinux2014_aarch64.whl", hash = "sha256:4e0be24709c12b5f4706fb8d8e22d93db631142eca1027a03558a9c350bbc9b4", size = 1364745, upload-time = "2026-08-25T16:32:08.04Z" },
    { url = "https://files.pythonhosted.org/packages/01/29/21fc5fe56cb68af3cfbf0fe207bea1b3ee43244374ec6372489586a5ea8d/fable_library-5.15.0-cp314-cp314t-manylinux_2_17_armv7l.manylinux2014_armv7l.whl", hash = "sha256:457c3a06792c4b473756d0201507e58dce6601c9b95da53c9158c44952e023b3", size = 1340739, upload-time = "2026-08-25T16:32:09.472Z" },
    { url = "https://files.pythonhosted.org/packages/21/e3/855c519562fbf991cff83e87bce6bc560a6204fe9ceb2ff382e06470a330/fable_library-5.15.0-cp314-cp314t-manylinux_2_17_ppc64le.manylinux2014_ppc64le.whl", hash = "sha256:e2d23f605054f1683d3dca53f5d3a6cf8a839b97afd40529e12cfc9c01f8cdbb", size = 1494544, upload-time = "2026-08-25T16:32:11.066Z" },
    { url = "https://files.pythonhosted.org/packages/de/9d/a43aa1dd7558e3997b822cb0d2c40a475541a824e7e5a7c004b54a46e439/fable_library-5.15.0-cp314-cp314t-manylinux_2_17_s390x.manylinux2014_s390x.whl", hash = "sha256:fe1cd7898b158b02857069159b3697276019aac20371b6829c18b90ddad2b284", size = 1507928, upload-time = "2026-08-25T16:32:12.748Z" },
    { url = "https://files.pythonhosted.org/packages/7e/bd/a15a752c8d602be74f2e4b6634824b5cec5ae81845a017780a7f04fb0d25/fable_library-5.15.0-cp314-cp314t-manylinux_2_17_x86_64.manylinux2014_x86_64.whl", hash = "sha256:da568adae05608d06447bea157a49c655593108c1d45525e4c3806e2d26fbf5b", size = 1442070, upload-time = "2026-08-25T16:32:14.261Z" },
    { url = "https://files.pythonhosted.org/packages/5d/31/a5f42334513390bb4bda634179b92a162b71b6ea2d6720b7ece170c1502c/fable_library-5.15.0-cp314-cp314t-manylinux_2_5_i686.manylinux1_i686.whl", hash = "sha256:aac55b3ee86832c3efab71279f2d22dfbc2e5b94fcc8b7537fe3c7ce4c52dbc7", size = 1465288, upload-time = "2026-08-25T16:32:16.048Z" },
    { url = "https://files.pythonhosted.org/packages/0d/ff/2aca2debcdb7876472fcbca14b37af5b4549dedb6575d281c383bcaad4eb/fable_library-5.15.0-cp314-cp314t-musllinux_1_2_aarch64.whl", hash = "sha256:ed3c903a86ef74e28c941b1048dfe0cf06294224c3c9e17ba0e0181d586c6cc1", size = 1544028, upload-time = "2026-08-25T16:32:17.762Z" },
    { url = "https://files.pythonhosted.org/packages/48/8d/a18072ade5ffe471f3556fc6d0bd2ff49f89cef55fab885bd8392ce01a3b/fable_library-5.15.0-cp314-cp314t-musllinux_1_2_armv7l.whl", hash = "sha256:d8c53ea9befb99e8d988519b114c0a6f4f24e1baea47a59d18f314bf95ec3982", size = 1619689, upload-time = "2026-08-25T16:32:19.263Z" },
    { url = "https://files.pythonhosted.org/packages/0d/6b/ce4e94c20b5f0716e2d6070a4043b1e5e5b0a5aa84717c37986d1a729100/fable_library-5.15.0-cp314-cp314t-musllinux_1_2_i686.whl", hash = "sha256:bc8936a67c101a201b085963a16ff0cc4e0c26e678947ef76487a5f78f05e2ee", size = 1651362, upload-time = "2026-08-25T16:32:21.005Z" },
    { url = "https://files.pythonhosted.org/packages/53/f4/dca4489af65790b82d4ca1563a488561890b7b88e856bddb44da647be708/fable_library-5.15.0-cp314-cp314t-musllinux_1_2_x86_64.whl", hash = "sha256:f2947653bfb122fed9375ea2b4f940e7c0d6d2d5d468a6243ab6e9b5f3cee4b8", size = 1672677, upload-time = "2026-08-25T16:32:22.544Z" },
    { url = "https://files.pythonhosted.org/packages/3e/d4/9befdc2337b8677f76f3bb803d3aeb9368467b1e2fb21b128a818293c411/fable_library-5.15.0-cp315-cp315-manylinux_2_17_x86_64.manylinux2014_x86_64.whl", hash = "sha256:552123695afd7af3cd2b17bccf762a4052282c03e34b172f57c5cd201e9b6211", size = 1432708, upload-time = "2026-08-25T16:32:24.08Z" },
    { url = "https://files.pythonhosted.org/packages/98/58/0f3459706c8344cd3c38ac4e8893b6ab6ec90f652ecd342f4cc311091cb8/fable_library-5.15.0-cp315-cp315-manylinux_2_5_i686.manylinux1_i686.whl", hash = "sha256:33bb61ddeacddb04c912a1b2138e30cca155a2edd3bca750e62bfc3cdc5d8ccd", size = 1461397, upload-time = "2026-08-25T16:32:25.663Z" },
    { url = "https://files.pythonhosted.org/packages/b8/0a/3ae623064dbf97601c8807537976037dc93099133ebb9ae1c83d150db71b/fable_library-5.15.0-cp315-cp315t-manylinux_2_17_x86_64.manylinux2014_x86_64.whl", hash = "sha256:c291ef01ad0665d4fcf24f9e4336809e3c77f0c8676bb03a3fe24acac4eae2cf", size = 1441762, upload-time = "2026-08-25T16:32:27.488Z" },
    { url = "https://files.pythonhosted.org/packages/87/87/1e15a5ac7d93017944b6f8581e54082f182a31c7391f5af1ae6e6313aade/fable_library-5.15.0-cp315-cp315t-manylinux_2_5_i686.manylinux1_i686.whl", hash = "sha256:97e0b3ac0b1ba6b9acb9992aaac7cd2ff64a7b2eb222fb0f98c77883a60b5687", size = 1465613, upload-time = "2026-08-25T16:32:29.053Z" },
]

[[package]]
name = "scriptorium-python-tests"
version = "0"
source = { virtual = "." }
dependencies = [
    { name = "fable-library" },
]

[package.metadata]
requires-dist = [{ name = "fable-library", specifier = "==5.15.0" }]
