version = 1
revision = 3
requires-python = ">=3.12, <4.0"

[[package]]
name = "fable-library"
version = "5.8.0"
source = { registry = "https://pypi.org/simple" }
sdist = { url = "https://files.pythonhosted.org/packages/24/57/36a61ac6a7e1a1474ee49164a161b94cbeb3bd23a69d90fdd8812ed474d5/fable_library-5.8.0.tar.gz", hash = "sha256:0cd63bd47aa00db80852ac2a1bb076e83dee86e3763332fecb89db6e28d21b52", size = 237395, upload-time = "2026-07-11T19:47:42.165Z" }
wheels = [
    { url = "https://files.pythonhosted.org/packages/ee/88/2da40920039960d7184f8c5e7f624f347529f898e0d40eea970d95ae6dee/fable_library-5.8.0-cp312-cp312-macosx_10_12_x86_64.whl", hash = "sha256:4eb750c640ff09055c3a9654c2e32fb6c547efeb5c9bf50ee63d82f97eb81183", size = 1390724, upload-time = "2026-07-11T19:46:06.895Z" },
    { url = "https://files.pythonhosted.org/packages/c7/1e/a061fa6eff4404db0560e40464cd7422902a2df75dc1c69e4979775aebe9/fable_library-5.8.0-cp312-cp312-macosx_11_0_arm64.whl", hash = "sha256:e30fc235367a01a394f4b7d2776c32b28af5bfd0e205d6aef4fec8441c2fda3c", size = 1298512, upload-time = "2026-07-11T19:46:08.161Z" },
    { url = "https://files.pythonhosted.org/packages/43/46/e51f1ab295047ff458ab1c1dbdc84e68d1ea31780562aa2e21ed6b051669/fable_library-5.8.0-cp312-cp312-manylinux_2_17_aarch64.manylinux2014_aarch64.whl", hash = "sha256:4b94a2364244d802cc27083cd12f37b0870434fb028db8ed2b8a9455d032019b", size = 1344913, upload-time = "2026-07-11T19:46:09.502Z" },
    { url = "https://files.pythonhosted.org/packages/c4/73/addca29c3753c1b34d647a91b53380c41d0e8dde9164303be649b21d22e8/fable_library-5.8.0-cp312-cp312-manylinux_2_17_armv7l.manylinux2014_armv7l.whl", hash = "sha256:838a7653a3c43ac418f5e8ece070f64a75a97740f77336a45fd15b41054560de", size = 1328420, upload-time = "2026-07-11T19:46:10.955Z" },
    { url = "https://files.pythonhosted.org/packages/d4/41/3ef4923b70d1f2a7b2b185c63af87961f73f8ff2e393264e1082e1fd4290/fable_library-5.8.0-cp312-cp312-manylinux_2_17_ppc64le.manylinux2014_ppc64le.whl", hash = "sha256:a78f64e4441bf4acda08ee6cf2f251a1fb7dc1970f3cdaed035bdb5c4a48dbbe", size = 1468417, upload-time = "2026-07-11T19:46:12.251Z" },
    { url = "https://files.pythonhosted.org/packages/bb/f8/16a7d96fc809ace01c42cd3e61f63beb01130757b5d0795940b6e38a4717/fable_library-5.8.0-cp312-cp312-manylinux_2_17_s390x.manylinux2014_s390x.whl", hash = "sha256:dd51c2342bf2fa4a8297f118f0b9568f7ae96273112b3def1b4d889941bb737c", size = 1478165, upload-time = "2026-07-11T19:46:13.749Z" },
    { url = "https://files.pythonhosted.org/packages/b4/cb/db9582dc004bcd1d9fc54082769c8d8d34056dd4a2b99d89ebd2c8e620d1/fable_library-5.8.0-cp312-cp312-manylinux_2_17_x86_64.manylinux2014_x86_64.whl", hash = "sha256:f95804f99b62b7ee8c8066600e0445c77a0e0ad6b9a43046f1fcfc49e9c29bfa", size = 1415752, upload-time = "2026-07-11T19:46:14.97Z" },
    { url = "https://files.pythonhosted.org/packages/16/a4/d07e6f420318ce908e6b60b18962c35c128c4024dd55718bbc323d679825/fable_library-5.8.0-cp312-cp312-manylinux_2_5_i686.manylinux1_i686.whl", hash = "sha256:ccb924ab492ce0aa40197368115c73ad3c91abaf2fd3edab8e804160e616c412", size = 1446723, upload-time = "2026-07-11T19:46:16.449Z" },
    { url = "https://files.pythonhosted.org/packages/8c/6d/e7873d330e650d8a56d68855bbe8246fd0355996ecafac9893a4d84e912f/fable_library-5.8.0-cp312-cp312-musllinux_1_2_aarch64.whl", hash = "sha256:e3ddecee74bf7d8f136613939915551c68dc99923433285388d6b481b95df1c8", size = 1522466, upload-time = "2026-07-11T19:46:17.795Z" },
    { url = "https://files.pythonhosted.org/packages/40/1b/638efcdd7ef8969ae7eb512bd4071c32e9d1c50c5771014c57f164930b72/fable_library-5.8.0-cp312-cp312-musllinux_1_2_armv7l.whl", hash = "sha256:17c29706cbe8a4c38c72637cdcf8d2b6beb7ac82dba463e3cd5faac7bcea1015", size = 1604594, upload-time = "2026-07-11T19:46:19.53Z" },
    { url = "https://files.pythonhosted.org/packages/85/88/b1fcd00e29dd3fa1e1d9e3d0156d157dafefcb1d8943077e3f604ad577ac/fable_library-5.8.0-cp312-cp312-musllinux_1_2_i686.whl", hash = "sha256:0cbb28d0719c0778397e4274c50f34581cf452568cf118a6ed07b30e790771c3", size = 1628789, upload-time = "2026-07-11T19:46:21.263Z" },
    { url = "https://files.pythonhosted.org/packages/44/1c/b29ae724f1cf8dfee19362c27e0eae42dffa406ff612c02c3aa80e296edf/fable_library-5.8.0-cp312-cp312-musllinux_1_2_x86_64.whl", hash = "sha256:6d94d9465b7be4403c395a360e1d137e349cf38ba96f2c80c72b2101974eec78", size = 1645212, upload-time = "2026-07-11T19:46:22.658Z" },
    { url = "https://files.pythonhosted.org/packages/8e/58/99f95b2a959eee63b7eee49b370a43f824bbcbd24360ef4f99cc81ed17a0/fable_library-5.8.0-cp312-cp312-win_amd64.whl", hash = "sha256:0e350e955331f7b3b92775b2e468605299dd85b6c2acfb2bcdbd813c2f720578", size = 1403141, upload-time = "2026-07-11T19:46:24.039Z" },
    { url = "https://files.pythonhosted.org/packages/41/8a/7d84dbd5b4d04f7eeb8fafb53b592bf69c698d86b749df446d2c5456429b/fable_library-5.8.0-cp313-cp313-macosx_10_12_x86_64.whl", hash = "sha256:1071daf3fcc4b3b131976edaa62f411f093256b989b6cc10484202150b0338e9", size = 1391552, upload-time = "2026-07-11T19:46:25.717Z" },
    { url = "https://files.pythonhosted.org/packages/80/1c/9b47f0b486b154a57da1e579bd32c3ed397e13d1e46651a364a07ce388d7/fable_library-5.8.0-cp313-cp313-macosx_11_0_arm64.whl", hash = "sha256:6ba9a306d22885ba167a417cda477b7def7c3fc7ecf60a80de64cdb00d3cd848", size = 1298803, upload-time = "2026-07-11T19:46:26.994Z" },
    { url = "https://files.pythonhosted.org/packages/86/0d/64996d8f56a8b261c914fa7e555d288623513c2cdd4d2693c8c4c6497609/fable_library-5.8.0-cp313-cp313-manylinux_2_17_aarch64.manylinux2014_aarch64.whl", hash = "sha256:3d07f17fe88c0c7907ef1d522918b0e254ee3b7c8b393012f95c2cd277de9d8d", size = 1345440, upload-time = "2026-07-11T19:46:28.57Z" },
    { url = "https://files.pythonhosted.org/packages/68/6c/09b95a2fb8c0174e4d4cc7e560186e1edf1ac2b5d6fcc90659232a62fcc2/fable_library-5.8.0-cp313-cp313-manylinux_2_17_armv7l.manylinux2014_armv7l.whl", hash = "sha256:fb6f3a1bbdb2c2179c2e376c8095356a18a9453eea591a350625c897ffba6e23", size = 1329523, upload-time = "2026-07-11T19:46:30.14Z" },
    { url = "https://files.pythonhosted.org/packages/74/e1/c77a13aabdf4f023a903efef1511ecbf14aba0e6738c7fe81ed36878176a/fable_library-5.8.0-cp313-cp313-manylinux_2_17_ppc64le.manylinux2014_ppc64le.whl", hash = "sha256:f52c8d2f9806665f64e3dd86538ecad7ef9d64d19b1255b76f32259b4895b8c1", size = 1468545, upload-time = "2026-07-11T19:46:31.698Z" },
    { url = "https://files.pythonhosted.org/packages/38/41/feb63f599a4ab95b3759f2f6bcbf76bba64607630856ea94d5c5cce7d4e0/fable_library-5.8.0-cp313-cp313-manylinux_2_17_s390x.manylinux2014_s390x.whl", hash = "sha256:3d1d69ae48db8d8d9a91aa431998d597496865e225bd02e9785ea4ccafd5150a", size = 1478427, upload-time = "2026-07-11T19:46:33.162Z" },
    { url = "https://files.pythonhosted.org/packages/1c/f0/702073794e31f7f75aee77c6efd6cfce516bf71f1562b2b693016ff335ac/fable_library-5.8.0-cp313-cp313-manylinux_2_17_x86_64.manylinux2014_x86_64.whl", hash = "sha256:cf641faa63d148a69df39e70b811144236e47c221832ff4a3d90886571863f0e", size = 1416238, upload-time = "2026-07-11T19:46:34.82Z" },
    { url = "https://files.pythonhosted.org/packages/63/9c/cfb89c2f6b20c4393d970b45ad7740ec10cc5b361023bb44749e552461c1/fable_library-5.8.0-cp313-cp313-manylinux_2_5_i686.manylinux1_i686.whl", hash = "sha256:debf70a65babf174d8175af8cfbe0224117b0d6ec51bd12ceda37adf623cb841", size = 1446998, upload-time = "2026-07-11T19:46:36.715Z" },
    { url = "https://files.pythonhosted.org/packages/cb/62/7887a8e73a7c3f20508461412a190b3c5fe4fe84fc7939d41c64220e4d90/fable_library-5.8.0-cp313-cp313-musllinux_1_2_aarch64.whl", hash = "sha256:ada866c56645d5433d1ddaaaa79e9a4d9a6e2038c11b109dc7be82d3d0a85221", size = 1522658, upload-time = "2026-07-11T19:46:38.124Z" },
    { url = "https://files.pythonhosted.org/packages/56/e0/8b406e598240e72f4d2a26cbdbb8344bd55a8486ac46bc22860b99da41a1/fable_library-5.8.0-cp313-cp313-musllinux_1_2_armv7l.whl", hash = "sha256:0e8c4ff40ae28e3ecaa94aa4356d8624d3dd4a7c2e134a3a349bb2647338775b", size = 1605850, upload-time = "2026-07-11T19:46:39.882Z" },
    { url = "https://files.pythonhosted.org/packages/5f/c6/7ffacbe7381a7084c1f3746fb76f6fcaf066ad5ed2fd456ece8c3b69634f/fable_library-5.8.0-cp313-cp313-musllinux_1_2_i686.whl", hash = "sha256:65c52120924679af63de79ec14922f0ee904c6d864448bd86942676af795c037", size = 1628774, upload-time = "2026-07-11T19:46:41.337Z" },
    { url = "https://files.pythonhosted.org/packages/b1/e4/7638662bca21909862c67beb0d279590a730cc80d2b582c2793c5069c1bd/fable_library-5.8.0-cp313-cp313-musllinux_1_2_x86_64.whl", hash = "sha256:4b892535519c7ab762deb18e08617a9415899017ca169755752bc0fc847cc488", size = 1645827, upload-time = "2026-07-11T19:46:42.795Z" },
    { url = "https://files.pythonhosted.org/packages/fe/51/826ce1cab0ed84ce13e82a03b4f0223a8858b12be51e0c7c42b8623beb6e/fable_library-5.8.0-cp313-cp313-win_amd64.whl", hash = "sha256:a22660d0c43bb08e32664a3a5ad56e4b46a62daebe260d2abff296632ec35648", size = 1403599, upload-time = "2026-07-11T19:46:44.154Z" },
    { url = "https://files.pythonhosted.org/packages/b9/3c/8e5e24810416afb6c69188b12e9ebd62a46e2dbb85643909f777e860eeed/fable_library-5.8.0-cp314-cp314-macosx_10_12_x86_64.whl", hash = "sha256:6a57ac8f7ef9a30a5333685b3bf75de20b5e02a6906c42c6d2bb57829e1fa86d", size = 1391154, upload-time = "2026-07-11T19:46:45.416Z" },
    { url = "https://files.pythonhosted.org/packages/0a/06/4adee609d1485c8eb3e68fd8d2c6000d9b414fbee04f744d144e5a00eb9f/fable_library-5.8.0-cp314-cp314-macosx_11_0_arm64.whl", hash = "sha256:dfedd6449c2019e771965fa4f18b63fdfdb94ff2770774699816c39fb449ccf8", size = 1298106, upload-time = "2026-07-11T19:46:46.831Z" },
    { url = "https://files.pythonhosted.org/packages/ec/4d/95d469648135322211b8b03f8022de42f83036ab1a081e4316f10bae28e0/fable_library-5.8.0-cp314-cp314-manylinux_2_17_aarch64.manylinux2014_aarch64.whl", hash = "sha256:728ea025a334424167b5fd4428b7984d9c8088e5c2a5659276ab401bdeea8b88", size = 1344836, upload-time = "2026-07-11T19:46:48.155Z" },
    { url = "https://files.pythonhosted.org/packages/94/c7/2dad7406c47b529c2e7a973b688376ebb81b8619c93c7c0c6dfcf134de1d/fable_library-5.8.0-cp314-cp314-manylinux_2_17_armv7l.manylinux2014_armv7l.whl", hash = "sha256:d7d25bce8635807770ab6b65119d34073f170fdaa7c2c1fe20ec9bdd7d27c0e3", size = 1331108, upload-time = "2026-07-11T19:46:49.568Z" },
    { url = "https://files.pythonhosted.org/packages/9b/b2/bed2a6799fea2d45039efdb95bcd2f66f2630ce5102da101b5c74143afcb/fable_library-5.8.0-cp314-cp314-manylinux_2_17_ppc64le.manylinux2014_ppc64le.whl", hash = "sha256:e0552ad9fa3ebd9764d570976289fff4863d96d6efb6a68b46dc1b0ee501144c", size = 1468772, upload-time = "2026-07-11T19:46:51.041Z" },
    { url = "https://files.pythonhosted.org/packages/79/79/0f68019dce5a158957f004c15d11b288745dfb3d184379679837d9712625/fable_library-5.8.0-cp314-cp314-manylinux_2_17_s390x.manylinux2014_s390x.whl", hash = "sha256:925f62fca1eb3308713c426954dbeb616b656c6f200fa5a87b3acac2b35da397", size = 1478702, upload-time = "2026-07-11T19:46:52.55Z" },
    { url = "https://files.pythonhosted.org/packages/d9/5e/f268fe33ef2a489718e276d9b69791efcde6bd08d3d894010f07163b9df2/fable_library-5.8.0-cp314-cp314-manylinux_2_17_x86_64.manylinux2014_x86_64.whl", hash = "sha256:49ee86d64a8b4eeaab828180ca10083d1cfb2e904463accf4b357f3a7e08ed8b", size = 1416430, upload-time = "2026-07-11T19:46:54.02Z" },
    { url = "https://files.pythonhosted.org/packages/dc/71/a16470c6fb15134031825ff6504c512a8bd46f271d4555c1d129a34d3efb/fable_library-5.8.0-cp314-cp314-manylinux_2_5_i686.manylinux1_i686.whl", hash = "sha256:b4de5d40ace28e497d7632196dfe59e9e273b90290e4df14c240b30463b0d8df", size = 1447757, upload-time = "2026-07-11T19:46:55.633Z" },
    { url = "https://files.pythonhosted.org/packages/b3/b5/a55156273138fb051278fb5ec904e87d793e4f059443ef20b72293eb010f/fable_library-5.8.0-cp314-cp314-musllinux_1_2_aarch64.whl", hash = "sha256:58ba7876ccd895a907c55cce23c7bacca41f3f26cdf2475f6bb95f925846dc4d", size = 1522385, upload-time = "2026-07-11T19:46:57.171Z" },
    { url = "https://files.pythonhosted.org/packages/ae/26/ab7689b6c95144fa3a0a610efeea80767c9b67462450f6587ba24b9fee4c/fable_library-5.8.0-cp314-cp314-musllinux_1_2_armv7l.whl", hash = "sha256:8aa12005f8b323be274da6e21adeb8093975cb5446e588f8286a779471dd7801", size = 1607515, upload-time = "2026-07-11T19:46:58.542Z" },
    { url = "https://files.pythonhosted.org/packages/ab/79/7667c6635caf79f31afaaed9290c8379d347b29f394ca6e03757fb4f9742/fable_library-5.8.0-cp314-cp314-musllinux_1_2_i686.whl", hash = "sha256:98c06d877599cd2af90b901e4b9db1d7f2f29be61c95be8db5e91d70847fd5ce", size = 1629201, upload-time = "2026-07-11T19:47:00.497Z" },
    { url = "https://files.pythonhosted.org/packages/3c/fa/677e4c7c1b45df919690906600e8a5b44ef41c7cf2d0bc3843801ea91dd1/fable_library-5.8.0-cp314-cp314-musllinux_1_2_x86_64.whl", hash = "sha256:8e045a9687335a1157533457c073e897b107159ecce6fa4ebf5c7bca8b5b9a7e", size = 1645961, upload-time = "2026-07-11T19:47:02.143Z" },
    { url = "https://files.pythonhosted.org/packages/4f/7a/f2e0aea7ce7e6561865e9edc95ea05bfdf2ac50bd567c9410ffbad960558/fable_library-5.8.0-cp314-cp314-win32.whl", hash = "sha256:a68231660aa850de3c2c262fd620ae452f1bd21f701680b6fcda3baca6ccc72a", size = 1245216, upload-time = "2026-07-11T19:47:03.534Z" },
    { url = "https://files.pythonhosted.org/packages/f3/74/102580c1e9502a306a3870ad3fac84b480662ddac91264a53dde8b85de12/fable_library-5.8.0-cp314-cp314-win_amd64.whl", hash = "sha256:a83a193291ca5ead06f1ada8bfb6e45ac105e966398c7be5a958ba626e42f375", size = 1403171, upload-time = "2026-07-11T19:47:04.918Z" },
    { url = "https://files.pythonhosted.org/packages/8b/2a/6cb7d7b79d15ce070bf751898c993897e0e7e871357f3ca0e6b107a114dc/fable_library-5.8.0-cp314-cp314t-manylinux_2_17_aarch64.manylinux2014_aarch64.whl", hash = "sha256:07c6fc1fe1c1e8e5b9922f9c915a971c76bf9fbfc075c306b525d1c61378e00c", size = 1350624, upload-time = "2026-07-11T19:47:06.258Z" },
    { url = "https://files.pythonhosted.org/packages/5c/aa/7c9d85afa2b906a161ebd0e0b4764e4c0a12a016454535cecfb5d4a66a67/fable_library-5.8.0-cp314-cp314t-manylinux_2_17_armv7l.manylinux2014_armv7l.whl", hash = "sha256:ab60fed2393d31022445309fe0a0540bdc29cc14fc4d2a14a80fd4a099fec28c", size = 1329219, upload-time = "2026-07-11T19:47:07.553Z" },
    { url = "https://files.pythonhosted.org/packages/dd/98/94f9f1378aa42def0bb7514e68f7a14417387c9a3cee1be0549b364fd604/fable_library-5.8.0-cp314-cp314t-manylinux_2_17_ppc64le.manylinux2014_ppc64le.whl", hash = "sha256:caf921794292aee35f5fc7537ba46883c9ce930072a3a408036791d763e967bb", size = 1476682, upload-time = "2026-07-11T19:47:09.074Z" },
    { url = "https://files.pythonhosted.org/packages/d3/60/efdc3c9771644eda8313fee0210b2812d9999a60276d86e95f4baf00bd59/fable_library-5.8.0-cp314-cp314t-manylinux_2_17_s390x.manylinux2014_s390x.whl", hash = "sha256:9c1d9040e0b1dd72d945382928e57a6c53aa1e20d806ce2f54d9a0a0b2bc1392", size = 1489146, upload-time = "2026-07-11T19:47:10.647Z" },
    { url = "https://files.pythonhosted.org/packages/44/3e/b5d0d750650637a1bc4860e96b95916e8642eb485867c8c56e9a65131999/fable_library-5.8.0-cp314-cp314t-manylinux_2_17_x86_64.manylinux2014_x86_64.whl", hash = "sha256:df3ebf39009f8698d5326bd634bea795635d682d1e050a03d903a45d9d78c2a2", size = 1427095, upload-time = "2026-07-11T19:47:12.135Z" },
    { url = "https://files.pythonhosted.org/packages/ae/dc/d060fc2c88059705d104e43bcc5c75f0262e041c1f0b2d7e819ac056d8c1/fable_library-5.8.0-cp314-cp314t-manylinux_2_5_i686.manylinux1_i686.whl", hash = "sha256:42be424d865d88eb6a62c03aa6f2b4bca39cd3c8124961fd74121446af60a445", size = 1451970, upload-time = "2026-07-11T19:47:13.576Z" },
    { url = "https://files.pythonhosted.org/packages/25/41/a800593fcba0961f6f331a63027bb9e335b8f3da79af97cb69d75353f1de/fable_library-5.8.0-cp314-cp314t-musllinux_1_2_aarch64.whl", hash = "sha256:2017799040aa1c9f0cffd8a7253ddb1f5e08e13423e5d7a1f3944d3bfdf5b7c6", size = 1528404, upload-time = "2026-07-11T19:47:15.134Z" },
    { url = "https://files.pythonhosted.org/packages/0c/50/0e710d75f912cddb29991336e9004161b5cfb3a8db9f60331ac23dc4e2a6/fable_library-5.8.0-cp314-cp314t-musllinux_1_2_armv7l.whl", hash = "sha256:d1e2fce01ad3732dbddae6e95ba599c3e4bd4be1693331a67eec17bb32fd6536", size = 1606007, upload-time = "2026-07-11T19:47:16.592Z" },
    { url = "https://files.pythonhosted.org/packages/2e/0c/850091064578da5e69377b8a6f5834eae77406d0be11dcc417c2bceaa6d0/fable_library-5.8.0-cp314-cp314t-musllinux_1_2_i686.whl", hash = "sha256:1f5fb0d466e9fcb888c83817b4af23f6225727670455346765c31fea60119766", size = 1638730, upload-time = "2026-07-11T19:47:18.07Z" },
    { url = "https://files.pythonhosted.org/packages/21/0b/320029584fc58e1d038542467fd26730f7fbf0a2a6b5d7b0c6aed25270e6/fable_library-5.8.0-cp314-cp314t-musllinux_1_2_x86_64.whl", hash = "sha256:9e0fb418488ab46e1d5cef2a6bbea47665e819cf6fce8df16b27ec0d0aaca942", size = 1656431, upload-time = "2026-07-11T19:47:19.559Z" },
    { url = "https://files.pythonhosted.org/packages/6b/03/4fde71dc6324ace73a3c4703342fcd04a3ea639f12e3e2b60756abd141c8/fable_library-5.8.0-cp315-cp315-manylinux_2_17_x86_64.manylinux2014_x86_64.whl", hash = "sha256:fb0ed5bfcc5ce3e1b6c1e0a6bc6f9f78a9cec428910e633ef03b042194f2db58", size = 1416178, upload-time = "2026-07-11T19:47:21.012Z" },
    { url = "https://files.pythonhosted.org/packages/66/e1/9f35bae00f45921a9b200bf9fe7a594fe451ea37109c898d8713bdc9d613/fable_library-5.8.0-cp315-cp315-manylinux_2_5_i686.manylinux1_i686.whl", hash = "sha256:bc9afe531032d6f102fbdd2175e12a3ef336e50e7df87b82965a58f66ecd0a37", size = 1447921, upload-time = "2026-07-11T19:47:22.436Z" },
    { url = "https://files.pythonhosted.org/packages/21/09/10e4ab11640a0ddd0df7e1c67296cd244c8d4a053854cfbb417eafe1e7b7/fable_library-5.8.0-cp315-cp315t-manylinux_2_17_x86_64.manylinux2014_x86_64.whl", hash = "sha256:d8c0bc9b39a8d37021d782d2fc5bccb7ffae674fcfba57e81c262f1a25f3cb48", size = 1426890, upload-time = "2026-07-11T19:47:23.959Z" },
    { url = "https://files.pythonhosted.org/packages/a5/f1/b892abb5bdb8a1397bc16fa4fb3b0814a7147bff0902a8216dda8bb5c9d4/fable_library-5.8.0-cp315-cp315t-manylinux_2_5_i686.manylinux1_i686.whl", hash = "sha256:c2f1c1bf787e90ad556a52b7aa09555e9564873f5ee5c662bc47bcee0c939d91", size = 1452144, upload-time = "2026-07-11T19:47:25.332Z" },
]

[[package]]
name = "scriptorium-python-tests"
version = "0"
source = { virtual = "." }
dependencies = [
    { name = "fable-library" },
]

[package.metadata]
requires-dist = [{ name = "fable-library", specifier = "==5.8.0" }]
