version = 1
revision = 3
requires-python = ">=3.12, <4.0"

[[package]]
name = "fable-library"
version = "5.12.0"
source = { registry = "https://pypi.org/simple" }
sdist = { url = "https://files.pythonhosted.org/packages/37/c0/30ab1f3b25db3aeff9653ae0414693dc76379ec02c0200f5f85f8d39ccb0/fable_library-5.12.0.tar.gz", hash = "sha256:ae14fee4c9ab18e02dce249be71bdf84921d9937f0d827a8e15706dbbeff8854", size = 238570, upload-time = "2026-07-23T09:32:52.169Z" }
wheels = [
    { url = "https://files.pythonhosted.org/packages/ff/70/c137781e74e1f9b60ec8631654ceaf20fe10ac2fce44d6a8c24c80115966/fable_library-5.12.0-cp312-cp312-macosx_10_12_x86_64.whl", hash = "sha256:6f4fecbb7b0d442bfcb6c2d1423e840382fd22cdf4e0cb21621b5ce04c828bac", size = 1389708, upload-time = "2026-07-23T09:31:08.177Z" },
    { url = "https://files.pythonhosted.org/packages/a0/61/5e9d3241d9141c63a2cb4c4ed0fc5a1cb5698aa73c63cec68af059b2915c/fable_library-5.12.0-cp312-cp312-macosx_11_0_arm64.whl", hash = "sha256:9b1c3b0432073dfaf6e043c98494d4178f8a0a02ebb56e5a5d3b86a4a2261ca2", size = 1298230, upload-time = "2026-07-23T09:31:09.648Z" },
    { url = "https://files.pythonhosted.org/packages/9d/94/3585077f77ef94f86ea5022006133b59900aa4c295869493f04d15dcb734/fable_library-5.12.0-cp312-cp312-manylinux_2_17_aarch64.manylinux2014_aarch64.whl", hash = "sha256:64fbc2f721044f057f135e0b8544ce6760902f33f0eeb5477ff91b60e10c66ae", size = 1346078, upload-time = "2026-07-23T09:31:11.391Z" },
    { url = "https://files.pythonhosted.org/packages/64/f8/4c6517a848d00bc97a4aa9947c2a228aa106ac6b8568316afcf9a3922366/fable_library-5.12.0-cp312-cp312-manylinux_2_17_armv7l.manylinux2014_armv7l.whl", hash = "sha256:5934ecbff53f98fda5ac9cba6e553c6feb2c9e1054a15e442f4d39b29ebc7310", size = 1329790, upload-time = "2026-07-23T09:31:13.989Z" },
    { url = "https://files.pythonhosted.org/packages/49/9e/a7cf3592906db5c21594f2cd1c48ffc633586462722ff1da114d69b0ec28/fable_library-5.12.0-cp312-cp312-manylinux_2_17_ppc64le.manylinux2014_ppc64le.whl", hash = "sha256:19b24cc8c6797fe6b415bf48228f52da7e90918bff3331a8c3d756ac1274383b", size = 1469516, upload-time = "2026-07-23T09:31:15.466Z" },
    { url = "https://files.pythonhosted.org/packages/f6/b7/25a0133800c5ca0f2dd135cc4b4b4437718d3758d1d63a4edd968a4e467a/fable_library-5.12.0-cp312-cp312-manylinux_2_17_s390x.manylinux2014_s390x.whl", hash = "sha256:8226f903136e9158d803b44815b5d994867ad16d9a1a8f66f35b7b5671c8f9b4", size = 1480312, upload-time = "2026-07-23T09:31:16.84Z" },
    { url = "https://files.pythonhosted.org/packages/d9/9b/1df6e83020d56bbf5baede6d75c9b417274c822e2bd29cc48dde6adea8f4/fable_library-5.12.0-cp312-cp312-manylinux_2_17_x86_64.manylinux2014_x86_64.whl", hash = "sha256:f18101eda46610cba363c54114cf2a2a1b94d02a779cf47fea68b9d41c823705", size = 1417318, upload-time = "2026-07-23T09:31:18.209Z" },
    { url = "https://files.pythonhosted.org/packages/0c/71/5b5ff0c60de60b29587cac9a971db4046a9becafad5e274ba1a85a41b63a/fable_library-5.12.0-cp312-cp312-manylinux_2_5_i686.manylinux1_i686.whl", hash = "sha256:e08f062b06838719f501f8fea507088f53d46ca7ae41719deae8fb69432ddc99", size = 1448456, upload-time = "2026-07-23T09:31:19.856Z" },
    { url = "https://files.pythonhosted.org/packages/15/48/f083db98b86b111a8ede7d375243b40ac263065f92815eb87399a6a2ad67/fable_library-5.12.0-cp312-cp312-musllinux_1_2_aarch64.whl", hash = "sha256:f34daa08a8a0218cd0dd2b9e1a96d2d76cb3d41513fa00bca54ecf8c71ca3eb1", size = 1523155, upload-time = "2026-07-23T09:31:21.308Z" },
    { url = "https://files.pythonhosted.org/packages/96/a2/1a3aaeaa33e76e14dcd3078a971e3ff17844b7f7a32ec3e6d81699f5d768/fable_library-5.12.0-cp312-cp312-musllinux_1_2_armv7l.whl", hash = "sha256:afbe5c121b23fdd6d93dac219f59bef10114f870264a42bf69bc0a5fecb5ecc4", size = 1605928, upload-time = "2026-07-23T09:31:22.878Z" },
    { url = "https://files.pythonhosted.org/packages/53/9f/6380232f5cd2943f7aca85c37ed7c335936d373b887d2240595c347550f6/fable_library-5.12.0-cp312-cp312-musllinux_1_2_i686.whl", hash = "sha256:e3d61f7b2cacf0e0901bef8718698ab7923f9648dc2315f1b2e64b0cb6ee667f", size = 1630101, upload-time = "2026-07-23T09:31:24.716Z" },
    { url = "https://files.pythonhosted.org/packages/91/c3/523f9836822e3c0e29656185fa4547afa665768a808617149b6c409e9008/fable_library-5.12.0-cp312-cp312-musllinux_1_2_x86_64.whl", hash = "sha256:d2cc6f4b7380a22da98b3b733273713291bcf10b415476eb3fb6db6f4ada736c", size = 1646684, upload-time = "2026-07-23T09:31:26.523Z" },
    { url = "https://files.pythonhosted.org/packages/2e/33/bb0028021fb482bd37677827d0ff2a2bea38213e7052d03108a41d955136/fable_library-5.12.0-cp312-cp312-win_amd64.whl", hash = "sha256:7388ba744228b148ca9583f79bb7c421a72766e47f04e4015c6549d6e7438b71", size = 1402004, upload-time = "2026-07-23T09:31:27.963Z" },
    { url = "https://files.pythonhosted.org/packages/4e/e1/7484047be08e4c8280e4c6b92d15a56c6985378b6430914a296460c898d3/fable_library-5.12.0-cp313-cp313-macosx_10_12_x86_64.whl", hash = "sha256:49a99f8a65553b6da0ab62190ca393954221fde5fa650490dc5d94ee233970d0", size = 1390429, upload-time = "2026-07-23T09:31:29.664Z" },
    { url = "https://files.pythonhosted.org/packages/05/17/c87483dc6f7416b5adc38ac1621885a362acf67f3bb307ba5f8b7916a614/fable_library-5.12.0-cp313-cp313-macosx_11_0_arm64.whl", hash = "sha256:5d97be54723b0bcfb805fd1fdfc5fb253d78448158a9999da430581a3bf5bcf7", size = 1298921, upload-time = "2026-07-23T09:31:31.046Z" },
    { url = "https://files.pythonhosted.org/packages/55/0a/1b1c7a1d5b2162d9d6f9f11747890021527fd05a91e29fa166f010987baf/fable_library-5.12.0-cp313-cp313-manylinux_2_17_aarch64.manylinux2014_aarch64.whl", hash = "sha256:9216c5b962046c2c0bd334f95e665a80541fd15884c32d9de367bcc246b15880", size = 1346428, upload-time = "2026-07-23T09:31:32.487Z" },
    { url = "https://files.pythonhosted.org/packages/fa/70/b3c7e8ee313866d9721fdaa2f20f61a4dae4e71a3552b90374818ab2b58e/fable_library-5.12.0-cp313-cp313-manylinux_2_17_armv7l.manylinux2014_armv7l.whl", hash = "sha256:a51acb3c4d606eda067cfe248f89dff640e1fe5823739302a551b18a85cde511", size = 1331012, upload-time = "2026-07-23T09:31:34.143Z" },
    { url = "https://files.pythonhosted.org/packages/45/ac/9498559c689124ef5696b4d484f89094898f3c5c62beeb373c2c4fdb8e67/fable_library-5.12.0-cp313-cp313-manylinux_2_17_ppc64le.manylinux2014_ppc64le.whl", hash = "sha256:ac74095dc07633675e53ec04d519aa5441d7e60e81711823504fee182224e3d2", size = 1470037, upload-time = "2026-07-23T09:31:35.545Z" },
    { url = "https://files.pythonhosted.org/packages/6a/75/d82e94a6063bec31f764a9e36738d1a9ca942dfeb04cb91b66f1be1901ca/fable_library-5.12.0-cp313-cp313-manylinux_2_17_s390x.manylinux2014_s390x.whl", hash = "sha256:c0e099554f7a64dab6e983fc158914f4cbeaa9755f737d25f84c25eb3b869388", size = 1480457, upload-time = "2026-07-23T09:31:36.92Z" },
    { url = "https://files.pythonhosted.org/packages/8a/39/790f0ba6acc7e0be98eef4bff8c7dd9058dc93db341ff6f43521f430751c/fable_library-5.12.0-cp313-cp313-manylinux_2_17_x86_64.manylinux2014_x86_64.whl", hash = "sha256:a095d275402f225d540938dad799131c51097e63b8b82187c58125bde539d74e", size = 1418040, upload-time = "2026-07-23T09:31:38.207Z" },
    { url = "https://files.pythonhosted.org/packages/ec/45/35da958ffb41f04f99509bb34fd05073c2ddbe146506c41b41e9703514bf/fable_library-5.12.0-cp313-cp313-manylinux_2_5_i686.manylinux1_i686.whl", hash = "sha256:7759ecdff878ecea5526f1c21707cc703966eb8c5e9199f55096cb6b4452c376", size = 1448814, upload-time = "2026-07-23T09:31:39.739Z" },
    { url = "https://files.pythonhosted.org/packages/bc/f6/7adc789d3701cf0ec28f7cc854600be569b7c39b8b84f08747a263f86c97/fable_library-5.12.0-cp313-cp313-musllinux_1_2_aarch64.whl", hash = "sha256:6fdeb0345eacd5905e44c0a570acab14fed9fa81140aa1277710114b79ee5a05", size = 1523204, upload-time = "2026-07-23T09:31:41.259Z" },
    { url = "https://files.pythonhosted.org/packages/f8/55/e244bf8d176f0f9bdae6edef8c9e84f7e98bc6a7426f8662c45ce5c2c47e/fable_library-5.12.0-cp313-cp313-musllinux_1_2_armv7l.whl", hash = "sha256:a68b816b341ed8db89f260f42a73ab20116f7e9bd3eeb82711b5459c7b985f6e", size = 1607297, upload-time = "2026-07-23T09:31:43.047Z" },
    { url = "https://files.pythonhosted.org/packages/2d/d4/72a1fa9f357409e60e64ad768e22fe37d8005c030d5021b3961ddc37a232/fable_library-5.12.0-cp313-cp313-musllinux_1_2_i686.whl", hash = "sha256:d2fc5e9eb8ab0c513c3418d7251604a3eaf38a3ae47acfafc0035801011eaf0a", size = 1630186, upload-time = "2026-07-23T09:31:44.4Z" },
    { url = "https://files.pythonhosted.org/packages/a0/c0/4d470bd5f07858bb59c600af8c4ac8113fc5ff4b34a2afd32f85d34d4158/fable_library-5.12.0-cp313-cp313-musllinux_1_2_x86_64.whl", hash = "sha256:7b9d1e2db2bd3160d71957dda07c2708030d4b854c33f561637a780d795bc4dc", size = 1647386, upload-time = "2026-07-23T09:31:46.115Z" },
    { url = "https://files.pythonhosted.org/packages/ca/84/1f3c597baf19384350c1ee750cdc058f813aeb1d952d8e81321a2eefc95e/fable_library-5.12.0-cp313-cp313-win_amd64.whl", hash = "sha256:4612e4ba3699afeaea1f1f153cc96b39b7116c34565de2aed2b817b79e104f20", size = 1403714, upload-time = "2026-07-23T09:31:47.532Z" },
    { url = "https://files.pythonhosted.org/packages/31/32/a209782fbf90b92be48e7246eaf9ec1179cf0321cebb1f3004ffcb365b25/fable_library-5.12.0-cp314-cp314-macosx_10_12_x86_64.whl", hash = "sha256:19383d182b3cd254b54caaf4a11d4f87429402dda3cb3e0a7e857f8e85607c08", size = 1390941, upload-time = "2026-07-23T09:31:48.976Z" },
    { url = "https://files.pythonhosted.org/packages/6f/e3/abdc213ef2097d6f3ec762c3fcb2139672f2ea261345bd526c4b98b1218f/fable_library-5.12.0-cp314-cp314-macosx_11_0_arm64.whl", hash = "sha256:b539c366676caf34c5d1d2495d6e0fa35a40c0f887154a1d5cf65e580abf3069", size = 1297455, upload-time = "2026-07-23T09:31:50.654Z" },
    { url = "https://files.pythonhosted.org/packages/cd/bb/f96052182e68bf840ff3320fe897bb0b70501243952fbf77f9a01242c0c4/fable_library-5.12.0-cp314-cp314-manylinux_2_17_aarch64.manylinux2014_aarch64.whl", hash = "sha256:d7bf47f9f4e9dcd1bba742690a8fddbd1f08d0277cc867e5d8567b0b28e1d922", size = 1345407, upload-time = "2026-07-23T09:31:52.278Z" },
    { url = "https://files.pythonhosted.org/packages/5d/ac/64f5247000d3ae1574231f3494c11ae551a13545417da546573e8d3ced4b/fable_library-5.12.0-cp314-cp314-manylinux_2_17_armv7l.manylinux2014_armv7l.whl", hash = "sha256:88fb562f77ac05b5b36e89705517e664b409c1ac7bff1c6f5d440b78aa187de8", size = 1331893, upload-time = "2026-07-23T09:31:53.728Z" },
    { url = "https://files.pythonhosted.org/packages/d6/f1/02ef5c6cffc51ffad84bf1912ab92162716c199b7c749caecd5f6f4317b7/fable_library-5.12.0-cp314-cp314-manylinux_2_17_ppc64le.manylinux2014_ppc64le.whl", hash = "sha256:608d555c67721641c9edf52b60ee0e2b3e8f257a78b8c4cf7c693ef8d8739de3", size = 1470094, upload-time = "2026-07-23T09:31:56.065Z" },
    { url = "https://files.pythonhosted.org/packages/96/5d/2c823d24b10f8d54408ebf2caf363d22bcd0f3cc1895024e6413b8a23274/fable_library-5.12.0-cp314-cp314-manylinux_2_17_s390x.manylinux2014_s390x.whl", hash = "sha256:78a75c2e4a5af8e9ac492f600364e95349d3ac3a18f25b7a02b783f55cee14de", size = 1480835, upload-time = "2026-07-23T09:31:57.705Z" },
    { url = "https://files.pythonhosted.org/packages/f8/4c/f8555a73f5290a6d1ecaff89e45f1c657e0a250e313a0a63d7a0e7ecdff9/fable_library-5.12.0-cp314-cp314-manylinux_2_17_x86_64.manylinux2014_x86_64.whl", hash = "sha256:2ce47288bf9ccd53486989e74f5b9cd9601d83518137cb7d6c159ec93263c581", size = 1418417, upload-time = "2026-07-23T09:31:59.323Z" },
    { url = "https://files.pythonhosted.org/packages/72/ff/bb06a0bac7e3d699d0f15aab1c651e46bf0e3f9a442e108af23316b97c16/fable_library-5.12.0-cp314-cp314-manylinux_2_5_i686.manylinux1_i686.whl", hash = "sha256:ecd4cfc5fbcd3a029c7eec2cc05e6318a112a9685bc9422a610e2a97eae5bf68", size = 1449492, upload-time = "2026-07-23T09:32:01.101Z" },
    { url = "https://files.pythonhosted.org/packages/44/d9/98f40acc9f228ce89a1949cd98970d9e66743ac01968d274ddbcfa293e8e/fable_library-5.12.0-cp314-cp314-musllinux_1_2_aarch64.whl", hash = "sha256:9502874746f8d4e3a3a68cde2fe1aab17bedb040b5974e149a385f07741352ff", size = 1523071, upload-time = "2026-07-23T09:32:02.607Z" },
    { url = "https://files.pythonhosted.org/packages/35/4e/e26c1f25a6127e604b1889d107fbd49df0cfd5eda50ca668a980c0b3ddce/fable_library-5.12.0-cp314-cp314-musllinux_1_2_armv7l.whl", hash = "sha256:f42c609e729daa66ed7c0c28cc3c8864537100632aae5fdcefd73f7d8953368d", size = 1608856, upload-time = "2026-07-23T09:32:04.336Z" },
    { url = "https://files.pythonhosted.org/packages/a7/8c/fdfc0a382f37f8df443b61aa6f89a301a7d58d1a67c6305de6d8160d60bc/fable_library-5.12.0-cp314-cp314-musllinux_1_2_i686.whl", hash = "sha256:325001384e4a4aa53f4aeaea82dec69a72e52e3d4d5950bf8aa52ae898ad7803", size = 1630541, upload-time = "2026-07-23T09:32:05.819Z" },
    { url = "https://files.pythonhosted.org/packages/9f/9f/451c1afa7ff4d2e6fa80bd47f797deb4cd197e08c518bb6c8f6e470aad45/fable_library-5.12.0-cp314-cp314-musllinux_1_2_x86_64.whl", hash = "sha256:ded87c7e205425d478a31f4fccbba16ece82da0ce15dcec48a253c3a9cfeb0d2", size = 1647758, upload-time = "2026-07-23T09:32:07.274Z" },
    { url = "https://files.pythonhosted.org/packages/b1/d1/1b82510ebaab733adbb9c826a860cbb818b026cd8a6b96da0158cb08b324/fable_library-5.12.0-cp314-cp314-win32.whl", hash = "sha256:05e500680d6360a185e156f5d30692e1b9cf776adca601ebe56bc3c53bfb8ab1", size = 1251124, upload-time = "2026-07-23T09:32:08.971Z" },
    { url = "https://files.pythonhosted.org/packages/c4/40/4b395094b4f2857938ac8b09bbfd13c52b8b08602c95bd008faeafad1eb9/fable_library-5.12.0-cp314-cp314-win_amd64.whl", hash = "sha256:0abc25c88286a000eee734dbce727416fc91582f54d2818b54e8fc1347394bc0", size = 1403125, upload-time = "2026-07-23T09:32:10.429Z" },
    { url = "https://files.pythonhosted.org/packages/1a/18/63d53724c99489cd8085db30e0f5b4169fd88b75e461c6c599c99d31269c/fable_library-5.12.0-cp314-cp314t-manylinux_2_17_aarch64.manylinux2014_aarch64.whl", hash = "sha256:5bd25b2091bddad1c7a6e3213283f512c4711c060809281ce583d5cd7604be5a", size = 1351505, upload-time = "2026-07-23T09:32:11.756Z" },
    { url = "https://files.pythonhosted.org/packages/d3/99/03f55fbce06ae0585be1548c1d07406820816a0c4e30aa7275c249fc89f5/fable_library-5.12.0-cp314-cp314t-manylinux_2_17_armv7l.manylinux2014_armv7l.whl", hash = "sha256:5064a45c5d5a1ec41e1306e54c58bc4ced95cb3aba0589c3874c0d32d4aa196b", size = 1330679, upload-time = "2026-07-23T09:32:13.386Z" },
    { url = "https://files.pythonhosted.org/packages/f8/e5/d44751ae7b9362e101fb218e1bfe1d1088e53b9fc41254d0782e613b5bc2/fable_library-5.12.0-cp314-cp314t-manylinux_2_17_ppc64le.manylinux2014_ppc64le.whl", hash = "sha256:de2e5d6b4825aff8d529e66e63e5eb2df06162270c9b3dbd042f44959febc666", size = 1477742, upload-time = "2026-07-23T09:32:15.405Z" },
    { url = "https://files.pythonhosted.org/packages/4d/3d/92c0f3bf9d58a44a8e6174bb5e60c1ed503c18312aa0e502dd02f486bedb/fable_library-5.12.0-cp314-cp314t-manylinux_2_17_s390x.manylinux2014_s390x.whl", hash = "sha256:a98daf5705451a65be91707e007aca871d90555f11681653652dab901d76507f", size = 1491121, upload-time = "2026-07-23T09:32:17.199Z" },
    { url = "https://files.pythonhosted.org/packages/9e/81/535e27fb5abb4cefb2b41721280e959e6ff738129a9b6efd89109da2f2c1/fable_library-5.12.0-cp314-cp314t-manylinux_2_17_x86_64.manylinux2014_x86_64.whl", hash = "sha256:fd9f87aeb03f4284c461aa3eae70820087d80370ab6713bcd8353a2da8fbcbd8", size = 1428930, upload-time = "2026-07-23T09:32:18.832Z" },
    { url = "https://files.pythonhosted.org/packages/48/e2/4102f99be96e061e3a93204e49c5be81572d9b767f1e85dee6c074fe6123/fable_library-5.12.0-cp314-cp314t-manylinux_2_5_i686.manylinux1_i686.whl", hash = "sha256:f1d92abeab138d1ca52e3aa8bcc598679459810af92d5794c6d8ee25b181b69c", size = 1453649, upload-time = "2026-07-23T09:32:20.36Z" },
    { url = "https://files.pythonhosted.org/packages/32/d4/809815eb4b7952bf754e9f07dc03f64707f5859cbb2c2dd9cc4e9e441fe9/fable_library-5.12.0-cp314-cp314t-musllinux_1_2_aarch64.whl", hash = "sha256:a74cdaaafd54d9a4cb70090d7268d547a1656acb3c69a950277f402bbd77be6e", size = 1529113, upload-time = "2026-07-23T09:32:22.404Z" },
    { url = "https://files.pythonhosted.org/packages/19/2a/54e0d5a6201bdbb0a033f9dbab77f8535ec13b1a33196ab0b0245c1e892a/fable_library-5.12.0-cp314-cp314t-musllinux_1_2_armv7l.whl", hash = "sha256:de5be79a118b6db0afd33c791d6188f4ba6100e011f98d6c2450135d38b11abb", size = 1607235, upload-time = "2026-07-23T09:32:23.926Z" },
    { url = "https://files.pythonhosted.org/packages/0e/2f/c578330325de232a9c349126000fc9e80afed132ed5b0af46cdb760aee5b/fable_library-5.12.0-cp314-cp314t-musllinux_1_2_i686.whl", hash = "sha256:b59c445b9f4c561c12afaf4cc8501e6f29e4812fdf1fae91c9d4c0804ccf0c3a", size = 1640243, upload-time = "2026-07-23T09:32:25.376Z" },
    { url = "https://files.pythonhosted.org/packages/62/eb/bd54082cec7fdfcb9f6b4fec6ea50bcad4da5435fd31d9b7f63507adfa03/fable_library-5.12.0-cp314-cp314t-musllinux_1_2_x86_64.whl", hash = "sha256:83cf14f31d77235cc0ab12cb1052fb1db230bb8cb270f3ec48bc22b67980d0b5", size = 1657928, upload-time = "2026-07-23T09:32:26.818Z" },
    { url = "https://files.pythonhosted.org/packages/d0/57/f1dd37ad9a13319d47fd68506bd4a9b1343d9a7061a30134355a8655b19d/fable_library-5.12.0-cp315-cp315-manylinux_2_17_x86_64.manylinux2014_x86_64.whl", hash = "sha256:ab436561784cff643597f4ab3c5dca850b0f2c1effe058fd2033155db6e02386", size = 1418043, upload-time = "2026-07-23T09:32:28.432Z" },
    { url = "https://files.pythonhosted.org/packages/0d/65/0db64a28ee688ec3aab593404b85c0a83d4f0eec9a2fb50b8802f5140821/fable_library-5.12.0-cp315-cp315-manylinux_2_5_i686.manylinux1_i686.whl", hash = "sha256:5d19ce63a3d20c5c1dce0a74771416803e1f776e0d8f5a82d2398b3bf4c6fa28", size = 1449652, upload-time = "2026-07-23T09:32:29.963Z" },
    { url = "https://files.pythonhosted.org/packages/49/f8/b69173f282d6f019e9e6119611859dc201066b0c0a1be6aeb57d7b07b339/fable_library-5.12.0-cp315-cp315t-manylinux_2_17_x86_64.manylinux2014_x86_64.whl", hash = "sha256:f10f23f2a2a319d655054465446fffe0fe088f4e9f559187bbf2236915d32c8e", size = 1428592, upload-time = "2026-07-23T09:32:31.466Z" },
    { url = "https://files.pythonhosted.org/packages/ca/c8/a6591219ea419f6cec470ae384a26b4cc6755ae03d6374e2814330577023/fable_library-5.12.0-cp315-cp315t-manylinux_2_5_i686.manylinux1_i686.whl", hash = "sha256:1b5e597f97bbb1695389bd07229e29c4335a8b4d2d56cf0064581174a87d54d7", size = 1453757, upload-time = "2026-07-23T09:32:33.106Z" },
]

[[package]]
name = "scriptorium-python-tests"
version = "0"
source = { virtual = "." }
dependencies = [
    { name = "fable-library" },
]

[package.metadata]
requires-dist = [{ name = "fable-library", specifier = "==5.12.0" }]
