{
  "version": 2,
  "dependencies": {
    "net10.0": {
      "EasyBuild.PackageReleaseNotes.Tasks": {
        "type": "Direct",
        "requested": "[2.1.0, )",
        "resolved": "2.1.0",
        "contentHash": "1hMVtdIKNfHZA2Zw7L33Y1ZL/3DTK4NSy5gDaNfy2Emp753QxZoqNAPGNxv9MViqfpM62HwEIFZkUW4dCToHVg=="
      },
      "Fable.Core": {
        "type": "Direct",
        "requested": "[5.2.0, )",
        "resolved": "5.2.0",
        "contentHash": "3+HVoyYMjPGeKJEhMzRti0coDS6AkLVOWXmGwSvqokeTuwdZLyiKMoNgQrE6ZeJ0cSy9qHBB4VBpw5RAfb6zmQ==",
        "dependencies": {
          "FSharp.Core": "4.7.2"
        }
      },
      "Fable.Package.SDK": {
        "type": "Direct",
        "requested": "[1.3.2, )",
        "resolved": "1.3.2",
        "contentHash": "vQB5IvCyy86LP9ilSpZGjLUT/7HI0Bp4Ht1Oyl+w68h734ySaq9xLjttErYoHx+nmnMjcv2EBjxrA24mZ/U/jQ=="
      },
      "FSharp.Core": {
        "type": "Direct",
        "requested": "[10.0.101, )",
        "resolved": "10.0.101",
        "contentHash": "mrS3J7cLtvXM3u3CmiaFq8oyBdlevzZY1VAAAbFk1gUDQtDEjUOybN5XpQglx5wAgJ0wLdDl6OSSfS7ZDFNcpA=="
      },
      "Hedgehog": {
        "type": "Direct",
        "requested": "[2.0.4, )",
        "resolved": "2.0.4",
        "contentHash": "1i9P9indoy02mB3Xf/6FCcr3hy/d9kXh4zzgoUdGaxfP+O8qzSNv5Sn0Latddj7v0i3IyWT9ssj4aS653CY7pw==",
        "dependencies": {
          "FSharp.Core": "8.0.403",
          "TypeShape": "9.0.0"
        }
      },
      "TypeShape": {
        "type": "Transitive",
        "resolved": "9.0.0",
        "contentHash": "TFBwzUVpnJT8W4UAGNb0uQ+ZtA9wKUOZA9a825DzOZ0ejUFmLKF/QOVhMt6x9d1TsP1TxuUs/aYilKPCnttryg==",
        "dependencies": {
          "FSharp.Core": "4.3.2"
        }
      },
      "scriptorium.ink": {
        "type": "Project",
        "dependencies": {
          "FSharp.Core": "[10.0.101, )",
          "Fable.Core": "[5.2.0, )"
        }
      },
      "scriptorium.nib": {
        "type": "Project",
        "dependencies": {
          "FSharp.Core": "[10.0.101, )",
          "Scriptorium.Ink": "[1.0.0, )"
        }
      },
      "scriptorium.parchment": {
        "type": "Project",
        "dependencies": {
          "FSharp.Core": "[10.0.101, )",
          "Fable.Core": "[5.2.0, )",
          "Scriptorium.Ink": "[1.0.0, )"
        }
      },
      "scriptorium.quill": {
        "type": "Project",
        "dependencies": {
          "FSharp.Core": "[10.0.101, )",
          "Fable.Core": "[5.2.0, )",
          "Scriptorium.Ink": "[1.0.0, )",
          "Scriptorium.Nib": "[1.0.0, )",
          "Scriptorium.Parchment": "[1.0.0, )"
        }
      }
    }
  }
}