{
  "version": 1,
  "dependencies": {
    "net10.0": {
      "Fable.Core": {
        "type": "Direct",
        "requested": "[5.2.0, )",
        "resolved": "5.2.0",
        "contentHash": "3+HVoyYMjPGeKJEhMzRti0coDS6AkLVOWXmGwSvqokeTuwdZLyiKMoNgQrE6ZeJ0cSy9qHBB4VBpw5RAfb6zmQ==",
        "dependencies": {
          "FSharp.Core": "4.7.2"
        }
      },
      "FSharp.Core": {
        "type": "Direct",
        "requested": "[10.1.300, )",
        "resolved": "10.1.300",
        "contentHash": "BACHDBo/KL615GifW2wGB8vw3HLraCJb77VN/XVmQZPceNw+Oc+J+McehOo2yHtcr7hABmW4EqZZzVYiR1Z1EQ=="
      }
    }
  }
}